
Microsoft Visual Studio Solution File, Format Version 12.00
Project("{FAE04EC0-301F-11D3-BF4B-00C04F79EFBC}") = "Test Ef", "Test Ef\Test Ef.csproj", "{95BBCBA9-96CA-450E-B372-15DBA1F0BB02}"
EndProject
Global
	GlobalSection(SolutionConfigurationPlatforms) = preSolution
		Debug|Any CPU = Debug|Any CPU
		Release|Any CPU = Release|Any CPU
	EndGlobalSection
	GlobalSection(ProjectConfigurationPlatforms) = postSolution
		{95BBCBA9-96CA-450E-B372-15DBA1F0BB02}.Debug|Any CPU.ActiveCfg = Debug|Any CPU
		{95BBCBA9-96CA-450E-B372-15DBA1F0BB02}.Debug|Any CPU.Build.0 = Debug|Any CPU
		{95BBCBA9-96CA-450E-B372-15DBA1F0BB02}.Release|Any CPU.ActiveCfg = Release|Any CPU
		{95BBCBA9-96CA-450E-B372-15DBA1F0BB02}.Release|Any CPU.Build.0 = Release|Any CPU
	EndGlobalSection
EndGlobal
